
Microsoft Visual Studio Solution File, Format Version 12.00
# Visual Studio Version 17
VisualStudioVersion = 17.6.33829.357
MinimumVisualStudioVersion = 10.0.40219.1
Project("{9A19103F-16F7-4668-BE54-9A1E7A4F7556}") = "IntervalCSharp", "IntervalCSharp\IntervalCSharp.csproj", "{CAFA7963-89A8-4090-9682-AD311EC4FCBF}"
EndProject
Project("{9A19103F-16F7-4668-BE54-9A1E7A4F7556}") = "IntervalCSharp.Tests", "IntervalCSharp.Tests\IntervalCSharp.Tests.csproj", "{617A7BD0-FEA6-42BE-A75F-DB8748ECA429}"
EndProject
Global
	GlobalSection(SolutionConfigurationPlatforms) = preSolution
		Debug|Any CPU = Debug|Any CPU
		Debug|x64 = Debug|x64
		Debug|x86 = Debug|x86
		Release|Any CPU = Release|Any CPU
		Release|x64 = Release|x64
		Release|x86 = Release|x86
	EndGlobalSection
	GlobalSection(ProjectConfigurationPlatforms) = postSolution
		{CAFA7963-89A8-4090-9682-AD311EC4FCBF}.Debug|Any CPU.ActiveCfg = Debug|Any CPU
		{CAFA7963-89A8-4090-9682-AD311EC4FCBF}.Debug|Any CPU.Build.0 = Debug|Any CPU
		{CAFA7963-89A8-4090-9682-AD311EC4FCBF}.Debug|x64.ActiveCfg = Debug|Any CPU
		{CAFA7963-89A8-4090-9682-AD311EC4FCBF}.Debug|x64.Build.0 = Debug|Any CPU
		{CAFA7963-89A8-4090-9682-AD311EC4FCBF}.Debug|x86.ActiveCfg = Debug|Any CPU
		{CAFA7963-89A8-4090-9682-AD311EC4FCBF}.Debug|x86.Build.0 = Debug|Any CPU
		{CAFA7963-89A8-4090-9682-AD311EC4FCBF}.Release|Any CPU.ActiveCfg = Release|Any CPU
		{CAFA7963-89A8-4090-9682-AD311EC4FCBF}.Release|Any CPU.Build.0 = Release|Any CPU
		{CAFA7963-89A8-4090-9682-AD311EC4FCBF}.Release|x64.ActiveCfg = Release|Any CPU
		{CAFA7963-89A8-4090-9682-AD311EC4FCBF}.Release|x64.Build.0 = Release|Any CPU
		{CAFA7963-89A8-4090-9682-AD311EC4FCBF}.Release|x86.ActiveCfg = Release|Any CPU
		{CAFA7963-89A8-4090-9682-AD311EC4FCBF}.Release|x86.Build.0 = Release|Any CPU
		{617A7BD0-FEA6-42BE-A75F-DB8748ECA429}.Debug|Any CPU.ActiveCfg = Debug|Any CPU
		{617A7BD0-FEA6-42BE-A75F-DB8748ECA429}.Debug|Any CPU.Build.0 = Debug|Any CPU
		{617A7BD0-FEA6-42BE-A75F-DB8748ECA429}.Debug|x64.ActiveCfg = Debug|Any CPU
		{617A7BD0-FEA6-42BE-A75F-DB8748ECA429}.Debug|x64.Build.0 = Debug|Any CPU
		{617A7BD0-FEA6-42BE-A75F-DB8748ECA429}.Debug|x86.ActiveCfg = Debug|Any CPU
		{617A7BD0-FEA6-42BE-A75F-DB8748ECA429}.Debug|x86.Build.0 = Debug|Any CPU
		{617A7BD0-FEA6-42BE-A75F-DB8748ECA429}.Release|Any CPU.ActiveCfg = Release|Any CPU
		{617A7BD0-FEA6-42BE-A75F-DB8748ECA429}.Release|Any CPU.Build.0 = Release|Any CPU
		{617A7BD0-FEA6-42BE-A75F-DB8748ECA429}.Release|x64.ActiveCfg = Release|Any CPU
		{617A7BD0-FEA6-42BE-A75F-DB8748ECA429}.Release|x64.Build.0 = Release|Any CPU
		{617A7BD0-FEA6-42BE-A75F-DB8748ECA429}.Release|x86.ActiveCfg = Release|Any CPU
		{617A7BD0-FEA6-42BE-A75F-DB8748ECA429}.Release|x86.Build.0 = Release|Any CPU
	EndGlobalSection
	GlobalSection(SolutionProperties) = preSolution
		HideSolutionNode = FALSE
	EndGlobalSection
	GlobalSection(ExtensibilityGlobals) = postSolution
		SolutionGuid = {3F48EEC4-E0C0-4C59-91BE-697C9499A132}
	EndGlobalSection
EndGlobal
